
Microsoft Visual Studio Solution File, Format Version 12.00
# Visual Studio Version 17
VisualStudioVersion = 17.2.32602.215
MinimumVisualStudioVersion = 10.0.40219.1
Project("{FAE04EC0-301F-11D3-BF4B-00C04F79EFBC}") = "Antip.Hello", "Antip.Hello.csproj", "{80BCA988-6B9B-4370-B550-F7E9CF23AF0F}"
EndProject
Global
	GlobalSection(SolutionConfigurationPlatforms) = preSolution
		Debug|Any CPU = Debug|Any CPU
		Release|Any CPU = Release|Any CPU
	EndGlobalSection
	GlobalSection(ProjectConfigurationPlatforms) = postSolution
		{80BCA988-6B9B-4370-B550-F7E9CF23AF0F}.Debug|Any CPU.ActiveCfg = Debug|Any CPU
		{80BCA988-6B9B-4370-B550-F7E9CF23AF0F}.Debug|Any CPU.Build.0 = Debug|Any CPU
		{80BCA988-6B9B-4370-B550-F7E9CF23AF0F}.Release|Any CPU.ActiveCfg = Release|Any CPU
		{80BCA988-6B9B-4370-B550-F7E9CF23AF0F}.Release|Any CPU.Build.0 = Release|Any CPU
	EndGlobalSection
	GlobalSection(SolutionProperties) = preSolution
		HideSolutionNode = FALSE
	EndGlobalSection
	GlobalSection(ExtensibilityGlobals) = postSolution
		SolutionGuid = {B3BAA7A0-9811-4BBD-AE17-FF3B1E85BE8B}
	EndGlobalSection
EndGlobal
