
Microsoft Visual Studio Solution File, Format Version 12.00
# Visual Studio Version 17
VisualStudioVersion = 17.2.32602.215
MinimumVisualStudioVersion = 10.0.40219.1
Project("{FAE04EC0-301F-11D3-BF4B-00C04F79EFBC}") = "ACP_Antip", "ACP_Antip.csproj", "{6CAC9B0A-7AD4-4184-A680-9DC0547FD66F}"
EndProject
Global
	GlobalSection(SolutionConfigurationPlatforms) = preSolution
		Debug|Any CPU = Debug|Any CPU
		Release|Any CPU = Release|Any CPU
	EndGlobalSection
	GlobalSection(ProjectConfigurationPlatforms) = postSolution
		{6CAC9B0A-7AD4-4184-A680-9DC0547FD66F}.Debug|Any CPU.ActiveCfg = Debug|Any CPU
		{6CAC9B0A-7AD4-4184-A680-9DC0547FD66F}.Debug|Any CPU.Build.0 = Debug|Any CPU
		{6CAC9B0A-7AD4-4184-A680-9DC0547FD66F}.Release|Any CPU.ActiveCfg = Release|Any CPU
		{6CAC9B0A-7AD4-4184-A680-9DC0547FD66F}.Release|Any CPU.Build.0 = Release|Any CPU
	EndGlobalSection
	GlobalSection(SolutionProperties) = preSolution
		HideSolutionNode = FALSE
	EndGlobalSection
	GlobalSection(ExtensibilityGlobals) = postSolution
		SolutionGuid = {406B3620-A5DD-431C-B8D6-BEF2F4483FD8}
	EndGlobalSection
EndGlobal
